
Microsoft Visual Studio Solution File, Format Version 12.00
# Visual Studio Version 17
VisualStudioVersion = 17.4.33122.133
MinimumVisualStudioVersion = 10.0.40219.1
Project("{FAE04EC0-301F-11D3-BF4B-00C04F79EFBC}") = "Configuration_Project", "Configuration_Project\Configuration_Project.csproj", "{812C5D9C-B1FB-48BD-B056-B23C395A9C95}"
EndProject
Global
	GlobalSection(SolutionConfigurationPlatforms) = preSolution
		Debug|Any CPU = Debug|Any CPU
		Release|Any CPU = Release|Any CPU
	EndGlobalSection
	GlobalSection(ProjectConfigurationPlatforms) = postSolution
		{812C5D9C-B1FB-48BD-B056-B23C395A9C95}.Debug|Any CPU.ActiveCfg = Debug|Any CPU
		{812C5D9C-B1FB-48BD-B056-B23C395A9C95}.Debug|Any CPU.Build.0 = Debug|Any CPU
		{812C5D9C-B1FB-48BD-B056-B23C395A9C95}.Release|Any CPU.ActiveCfg = Release|Any CPU
		{812C5D9C-B1FB-48BD-B056-B23C395A9C95}.Release|Any CPU.Build.0 = Release|Any CPU
	EndGlobalSection
	GlobalSection(SolutionProperties) = preSolution
		HideSolutionNode = FALSE
	EndGlobalSection
	GlobalSection(ExtensibilityGlobals) = postSolution
		SolutionGuid = {5DE07ECE-6D7E-4BD7-A33E-469A1FE16E06}
	EndGlobalSection
EndGlobal
